
Microsoft Visual Studio Solution File, Format Version 12.00
# Visual Studio 2013
VisualStudioVersion = 12.0.31101.0
MinimumVisualStudioVersion = 10.0.40219.1
Project("{FAE04EC0-301F-11D3-BF4B-00C04F79EFBC}") = "Identity", "Identity\Identity.csproj", "{84524243-D4A0-4339-9270-C91D5AC6FC09}"
	ProjectSection(ProjectDependencies) = postProject
		{DF78FBB6-4B67-4729-97EB-5E8E069EF13F} = {DF78FBB6-4B67-4729-97EB-5E8E069EF13F}
	EndProjectSection
EndProject
Project("{FAE04EC0-301F-11D3-BF4B-00C04F79EFBC}") = "Identity.Tests", "Identity.Tests\Identity.Tests.csproj", "{3F90BEAF-9588-4177-BAA6-79C876C958D5}"
EndProject
Project("{FAE04EC0-301F-11D3-BF4B-00C04F79EFBC}") = "Identity.DomainModel", "Identity.DomainModel\Identity.DomainModel.csproj", "{DF78FBB6-4B67-4729-97EB-5E8E069EF13F}"
EndProject
Global
	GlobalSection(SolutionConfigurationPlatforms) = preSolution
		Debug|Any CPU = Debug|Any CPU
		Release|Any CPU = Release|Any CPU
	EndGlobalSection
	GlobalSection(ProjectConfigurationPlatforms) = postSolution
		{84524243-D4A0-4339-9270-C91D5AC6FC09}.Debug|Any CPU.ActiveCfg = Debug|Any CPU
		{84524243-D4A0-4339-9270-C91D5AC6FC09}.Debug|Any CPU.Build.0 = Debug|Any CPU
		{84524243-D4A0-4339-9270-C91D5AC6FC09}.Release|Any CPU.ActiveCfg = Release|Any CPU
		{84524243-D4A0-4339-9270-C91D5AC6FC09}.Release|Any CPU.Build.0 = Release|Any CPU
		{3F90BEAF-9588-4177-BAA6-79C876C958D5}.Debug|Any CPU.ActiveCfg = Debug|Any CPU
		{3F90BEAF-9588-4177-BAA6-79C876C958D5}.Debug|Any CPU.Build.0 = Debug|Any CPU
		{3F90BEAF-9588-4177-BAA6-79C876C958D5}.Release|Any CPU.ActiveCfg = Release|Any CPU
		{3F90BEAF-9588-4177-BAA6-79C876C958D5}.Release|Any CPU.Build.0 = Release|Any CPU
		{DF78FBB6-4B67-4729-97EB-5E8E069EF13F}.Debug|Any CPU.ActiveCfg = Debug|Any CPU
		{DF78FBB6-4B67-4729-97EB-5E8E069EF13F}.Debug|Any CPU.Build.0 = Debug|Any CPU
		{DF78FBB6-4B67-4729-97EB-5E8E069EF13F}.Release|Any CPU.ActiveCfg = Release|Any CPU
		{DF78FBB6-4B67-4729-97EB-5E8E069EF13F}.Release|Any CPU.Build.0 = Release|Any CPU
	EndGlobalSection
	GlobalSection(SolutionProperties) = preSolution
		HideSolutionNode = FALSE
	EndGlobalSection
EndGlobal
